// !$*UTF8*$!
{
	archiveVersion = 1;
	classes = {
	};
	objectVersion = 46;
	objects = {

/* Begin PBXBuildFile section */
		13AB94701E756A2800CF55F7 /* AppDelegate.swift in Sources */ = {isa = PBXBuildFile; fileRef = 13AB946F1E756A2800CF55F7 /* AppDelegate.swift */; };
		13AB94721E756A2800CF55F7 /* ViewController.swift in Sources */ = {isa = PBXBuildFile; fileRef = 13AB94711E756A2800CF55F7 /* ViewController.swift */; };
		13AB94751E756A2800CF55F7 /* Main.storyboard in Resources */ = {isa = PBXBuildFile; fileRef = 13AB94731E756A2800CF55F7 /* Main.storyboard */; };
		13AB94771E756A2800CF55F7 /* Assets.xcassets in Resources */ = {isa = PBXBuildFile; fileRef = 13AB94761E756A2800CF55F7 /* Assets.xcassets */; };
		13AB947A1E756A2800CF55F7 /* LaunchScreen.storyboard in Resources */ = {isa = PBXBuildFile; fileRef = 13AB94781E756A2800CF55F7 /* LaunchScreen.storyboard */; };
		13AB94851E756A2800CF55F7 /* calculatorTests.swift in Sources */ = {isa = PBXBuildFile; fileRef = 13AB94841E756A2800CF55F7 /* calculatorTests.swift */; };
/* End PBXBuildFile section */

/* Begin PBXContainerItemProxy section */
		13AB94811E756A2800CF55F7 /* PBXContainerItemProxy */ = {
			isa = PBXContainerItemProxy;
			containerPortal = 13AB94641E756A2800CF55F7 /* Project object */;
			proxyType = 1;
			remoteGlobalIDString = 13AB946B1E756A2800CF55F7;
			remoteInfo = calculator;
		};
/* End PBXContainerItemProxy section */

/* Begin PBXFileReference section */
		13AB946C1E756A2800CF55F7 /* calculator.app */ = {isa = PBXFileReference; explicitFileType = wrapper.application; includeInIndex = 0; path = calculator.app; sourceTree = BUILT_PRODUCTS_DIR; };
		13AB946F1E756A2800CF55F7 /* AppDelegate.swift */ = {isa = PBXFileReference; lastKnownFileType = sourcecode.swift; path = AppDelegate.swift; sourceTree = "<group>"; };
		13AB94711E756A2800CF55F7 /* ViewController.swift */ = {isa = PBXFileReference; lastKnownFileType = sourcecode.swift; path = ViewController.swift; sourceTree = "<group>"; };
		13AB94741E756A2800CF55F7 /* Base */ = {isa = PBXFileReference; lastKnownFileType = file.storyboard; name = Base; path = Base.lproj/Main.storyboard; sourceTree = "<group>"; };
		13AB94761E756A2800CF55F7 /* Assets.xcassets */ = {isa = PBXFileReference; lastKnownFileType = folder.assetcatalog; path = Assets.xcassets; sourceTree = "<group>"; };
		13AB94791E756A2800CF55F7 /* Base */ = {isa = PBXFileReference; lastKnownFileType = file.storyboard; name = Base; path = Base.lproj/LaunchScreen.storyboard; sourceTree = "<group>"; };
		13AB947B1E756A2800CF55F7 /* Info.plist */ = {isa = PBXFileReference; lastKnownFileType = text.plist.xml; path = Info.plist; sourceTree = "<group>"; };
		13AB94801E756A2800CF55F7 /* calculatorTests.xctest */ = {isa = PBXFileReference; explicitFileType = wrapper.cfbundle; includeInIndex = 0; path = calculatorTests.xctest; sourceTree = BUILT_PRODUCTS_DIR; };
		13AB94841E756A2800CF55F7 /* calculatorTests.swift */ = {isa = PBXFileReference; lastKnownFileType = sourcecode.swift; path = calculatorTests.swift; sourceTree = "<group>"; };
		13AB94861E756A2800CF55F7 /* Info.plist */ = {isa = PBXFileReference; lastKnownFileType = text.plist.xml; path = Info.plist; sourceTree = "<group>"; };
/* End PBXFileReference section */

/* Begin PBXFrameworksBuildPhase section */
		13AB94691E756A2800CF55F7 /* Frameworks */ = {
			isa = PBXFrameworksBuildPhase;
			buildActionMask = 2147483647;
			files = (
			);
			runOnlyForDeploymentPostprocessing = 0;
		};
		13AB947D1E756A2800CF55F7 /* Frameworks */ = {
			isa = PBXFrameworksBuildPhase;
			buildActionMask = 2147483647;
			files = (
			);
			runOnlyForDeploymentPostprocessing = 0;
		};
/* End PBXFrameworksBuildPhase section */

/* Begin PBXGroup section */
		13AB94631E756A2800CF55F7 = {
			isa = PBXGroup;
			children = (
				13AB946E1E756A2800CF55F7 /* calculator */,
				13AB94831E756A2800CF55F7 /* calculatorTests */,
				13AB946D1E756A2800CF55F7 /* Products */,
			);
			sourceTree = "<group>";
		};
		13AB946D1E756A2800CF55F7 /* Products */ = {
			isa = PBXGroup;
			children = (
				13AB946C1E756A2800CF55F7 /* calculator.app */,
				13AB94801E756A2800CF55F7 /* calculatorTests.xctest */,
			);
			name = Products;
			sourceTree = "<group>";
		};
		13AB946E1E756A2800CF55F7 /* calculator */ = {
			isa = PBXGroup;
			children = (
				13AB946F1E756A2800CF55F7 /* AppDelegate.swift */,
				13AB94711E756A2800CF55F7 /* ViewController.swift */,
				13AB94731E756A2800CF55F7 /* Main.storyboard */,
				13AB94761E756A2800CF55F7 /* Assets.xcassets */,
				13AB94781E756A2800CF55F7 /* LaunchScreen.storyboard */,
				13AB947B1E756A2800CF55F7 /* Info.plist */,
			);
			path = calculator;
			sourceTree = "<group>";
		};
		13AB94831E756A2800CF55F7 /* calculatorTests */ = {
			isa = PBXGroup;
			children = (
				13AB94841E756A2800CF55F7 /* calculatorTests.swift */,
				13AB94861E756A2800CF55F7 /* Info.plist */,
			);
			path = calculatorTests;
			sourceTree = "<group>";
		};
/* End PBXGroup section */

/* Begin PBXNativeTarget section */
		13AB946B1E756A2800CF55F7 /* calculator */ = {
			isa = PBXNativeTarget;
			buildConfigurationList = 13AB94891E756A2800CF55F7 /* Build configuration list for PBXNativeTarget "calculator" */;
			buildPhases = (
				13AB94681E756A2800CF55F7 /* Sources */,
				13AB94691E756A2800CF55F7 /* Frameworks */,
				13AB946A1E756A2800CF55F7 /* Resources */,
			);
			buildRules = (
			);
			dependencies = (
			);
			name = calculator;
			productName = calculator;
			productReference = 13AB946C1E756A2800CF55F7 /* calculator.app */;
			productType = "com.apple.product-type.application";
		};
		13AB947F1E756A2800CF55F7 /* calculatorTests */ = {
			isa = PBXNativeTarget;
			buildConfigurationList = 13AB948C1E756A2800CF55F7 /* Build configuration list for PBXNativeTarget "calculatorTests" */;
			buildPhases = (
				13AB947C1E756A2800CF55F7 /* Sources */,
				13AB947D1E756A2800CF55F7 /* Frameworks */,
				13AB947E1E756A2800CF55F7 /* Resources */,
			);
			buildRules = (
			);
			dependencies = (
				13AB94821E756A2800CF55F7 /* PBXTargetDependency */,
			);
			name = calculatorTests;
			productName = calculatorTests;
			productReference = 13AB94801E756A2800CF55F7 /* calculatorTests.xctest */;
			productType = "com.apple.product-type.bundle.unit-test";
		};
/* End PBXNativeTarget section */

/* Begin PBXProject section */
		13AB94641E756A2800CF55F7 /* Project object */ = {
			isa = PBXProject;
			attributes = {
				LastSwiftUpdateCheck = 0820;
				LastUpgradeCheck = 0820;
				ORGANIZATIONNAME = "上海海洋大学";
				TargetAttributes = {
					13AB946B1E756A2800CF55F7 = {
						CreatedOnToolsVersion = 8.2.1;
						ProvisioningStyle = Automatic;
					};
					13AB947F1E756A2800CF55F7 = {
						CreatedOnToolsVersion = 8.2.1;
						ProvisioningStyle = Automatic;
						TestTargetID = 13AB946B1E756A2800CF55F7;
					};
				};
			};
			buildConfigurationList = 13AB94671E756A2800CF55F7 /* Build configuration list for PBXProject "calculator" */;
			compatibilityVersion = "Xcode 3.2";
			developmentRegion = English;
			hasScannedForEncodings = 0;
			knownRegions = (
				en,
				Base,
			);
			mainGroup = 13AB94631E756A2800CF55F7;
			productRefGroup = 13AB946D1E756A2800CF55F7 /* Products */;
			projectDirPath = "";
			projectRoot = "";
			targets = (
				13AB946B1E756A2800CF55F7 /* calculator */,
				13AB947F1E756A2800CF55F7 /* calculatorTests */,
			);
		};
/* End PBXProject section */

/* Begin PBXResourcesBuildPhase section */
		13AB946A1E756A2800CF55F7 /* Resources */ = {
			isa = PBXResourcesBuildPhase;
			buildActionMask = 2147483647;
			files = (
				13AB947A1E756A2800CF55F7 /* LaunchScreen.storyboard in Resources */,
				13AB94771E756A2800CF55F7 /* Assets.xcassets in Resources */,
				13AB94751E756A2800CF55F7 /* Main.storyboard in Resources */,
			);
			runOnlyForDeploymentPostprocessing = 0;
		};
		13AB947E1E756A2800CF55F7 /* Resources */ = {
			isa = PBXResourcesBuildPhase;
			buildActionMask = 2147483647;
			files = (
			);
			runOnlyForDeploymentPostprocessing = 0;
		};
/* End PBXResourcesBuildPhase section */

/* Begin PBXSourcesBuildPhase section */
		13AB94681E756A2800CF55F7 /* Sources */ = {
			isa = PBXSourcesBuildPhase;
			buildActionMask = 2147483647;
			files = (
				13AB94721E756A2800CF55F7 /* ViewController.swift in Sources */,
				13AB94701E756A2800CF55F7 /* AppDelegate.swift in Sources */,
			);
			runOnlyForDeploymentPostprocessing = 0;
		};
		13AB947C1E756A2800CF55F7 /* Sources */ = {
			isa = PBXSourcesBuildPhase;
			buildActionMask = 2147483647;
			files = (
				13AB94851E756A2800CF55F7 /* calculatorTests.swift in Sources */,
			);
			runOnlyForDeploymentPostprocessing = 0;
		};
/* End PBXSourcesBuildPhase section */

/* Begin PBXTargetDependency section */
		13AB94821E756A2800CF55F7 /* PBXTargetDependency */ = {
			isa = PBXTargetDependency;
			target = 13AB946B1E756A2800CF55F7 /* calculator */;
			targetProxy = 13AB94811E756A2800CF55F7 /* PBXContainerItemProxy */;
		};
/* End PBXTargetDependency section */

/* Begin PBXVariantGroup section */
		13AB94731E756A2800CF55F7 /* Main.storyboard */ = {
			isa = PBXVariantGroup;
			children = (
				13AB94741E756A2800CF55F7 /* Base */,
			);
			name = Main.storyboard;
			sourceTree = "<group>";
		};
		13AB94781E756A2800CF55F7 /* LaunchScreen.storyboard */ = {
			isa = PBXVariantGroup;
			children = (
				13AB94791E756A2800CF55F7 /* Base */,
			);
			name = LaunchScreen.storyboard;
			sourceTree = "<group>";
		};
/* End PBXVariantGroup section */

/* Begin XCBuildConfiguration section */
		13AB94871E756A2800CF55F7 /* Debug */ = {
			isa = XCBuildConfiguration;
			buildSettings = {
				ALWAYS_SEARCH_USER_PATHS = NO;
				CLANG_ANALYZER_NONNULL = YES;
				CLANG_CXX_LANGUAGE_STANDARD = "gnu++0x";
				CLANG_CXX_LIBRARY = "libc++";
				CLANG_ENABLE_MODULES = YES;
				CLANG_ENABLE_OBJC_ARC = YES;
				CLANG_WARN_BOOL_CONVERSION = YES;
				CLANG_WARN_CONSTANT_CONVERSION = YES;
				CLANG_WARN_DIRECT_OBJC_ISA_USAGE = YES_ERROR;
				CLANG_WARN_DOCUMENTATION_COMMENTS = YES;
				CLANG_WARN_EMPTY_BODY = YES;
				CLANG_WARN_ENUM_CONVERSION = YES;
				CLANG_WARN_INFINITE_RECURSION = YES;
				CLANG_WARN_INT_CONVERSION = YES;
				CLANG_WARN_OBJC_ROOT_CLASS = YES_ERROR;
				CLANG_WARN_SUSPICIOUS_MOVE = YES;
				CLANG_WARN_UNREACHABLE_CODE = YES;
				CLANG_WARN__DUPLICATE_METHOD_MATCH = YES;
				"CODE_SIGN_IDENTITY[sdk=iphoneos*]" = "iPhone Developer";
				COPY_PHASE_STRIP = NO;
				DEBUG_INFORMATION_FORMAT = dwarf;
				ENABLE_STRICT_OBJC_MSGSEND = YES;
				ENABLE_TESTABILITY = YES;
				GCC_C_LANGUAGE_STANDARD = gnu99;
				GCC_DYNAMIC_NO_PIC = NO;
				GCC_NO_COMMON_BLOCKS = YES;
				GCC_OPTIMIZATION_LEVEL = 0;
				GCC_PREPROCESSOR_DEFINITIONS = (
					"DEBUG=1",
					"$(inherited)",
				);
				GCC_WARN_64_TO_32_BIT_CONVERSION = YES;
				GCC_WARN_ABOUT_RETURN_TYPE = YES_ERROR;
				GCC_WARN_UNDECLARED_SELECTOR = YES;
				GCC_WARN_UNINITIALIZED_AUTOS = YES_AGGRESSIVE;
				GCC_WARN_UNUSED_FUNCTION = YES;
				GCC_WARN_UNUSED_VARIABLE = YES;
				IPHONEOS_DEPLOYMENT_TARGET = 10.2;
				MTL_ENABLE_DEBUG_INFO = YES;
				ONLY_ACTIVE_ARCH = YES;
				SDKROOT = iphoneos;
				SWIFT_ACTIVE_COMPILATION_CONDITIONS = DEBUG;
				SWIFT_OPTIMIZATION_LEVEL = "-Onone";
				TARGETED_DEVICE_FAMILY = "1,2";
			};
			name = Debug;
		};
		13AB94881E756A2800CF55F7 /* Release */ = {
			isa = XCBuildConfiguration;
			buildSettings = {
				ALWAYS_SEARCH_USER_PATHS = NO;
				CLANG_ANALYZER_NONNULL = YES;
				CLANG_CXX_LANGUAGE_STANDARD = "gnu++0x";
				CLANG_CXX_LIBRARY = "libc++";
				CLANG_ENABLE_MODULES = YES;
				CLANG_ENABLE_OBJC_ARC = YES;
				CLANG_WARN_BOOL_CONVERSION = YES;
				CLANG_WARN_CONSTANT_CONVERSION = YES;
				CLANG_WARN_DIRECT_OBJC_ISA_USAGE = YES_ERROR;
				CLANG_WARN_DOCUMENTATION_COMMENTS = YES;
				CLANG_WARN_EMPTY_BODY = YES;
				CLANG_WARN_ENUM_CONVERSION = YES;
				CLANG_WARN_INFINITE_RECURSION = YES;
				CLANG_WARN_INT_CONVERSION = YES;
				CLANG_WARN_OBJC_ROOT_CLASS = YES_ERROR;
				CLANG_WARN_SUSPICIOUS_MOVE = YES;
				CLANG_WARN_UNREACHABLE_CODE = YES;
				CLANG_WARN__DUPLICATE_METHOD_MATCH = YES;
				"CODE_SIGN_IDENTITY[sdk=iphoneos*]" = "iPhone Developer";
				COPY_PHASE_STRIP = NO;
				DEBUG_INFORMATION_FORMAT = "dwarf-with-dsym";
				ENABLE_NS_ASSERTIONS = NO;
				ENABLE_STRICT_OBJC_MSGSEND = YES;
				GCC_C_LANGUAGE_STANDARD = gnu99;
				GCC_NO_COMMON_BLOCKS = YES;
				GCC_WARN_64_TO_32_BIT_CONVERSION = YES;
				GCC_WARN_ABOUT_RETURN_TYPE = YES_ERROR;
				GCC_WARN_UNDECLARED_SELECTOR = YES;
				GCC_WARN_UNINITIALIZED_AUTOS = YES_AGGRESSIVE;
				GCC_WARN_UNUSED_FUNCTION = YES;
				GCC_WARN_UNUSED_VARIABLE = YES;
				IPHONEOS_DEPLOYMENT_TARGET = 10.2;
				MTL_ENABLE_DEBUG_INFO = NO;
				SDKROOT = iphoneos;
				SWIFT_OPTIMIZATION_LEVEL = "-Owholemodule";
				TARGETED_DEVICE_FAMILY = "1,2";
				VALIDATE_PRODUCT = YES;
			};
			name = Release;
		};
		13AB948A1E756A2800CF55F7 /* Debug */ = {
			isa = XCBuildConfiguration;
			buildSettings = {
				ASSETCATALOG_COMPILER_APPICON_NAME = AppIcon;
				INFOPLIST_FILE = calculator/Info.plist;
				LD_RUNPATH_SEARCH_PATHS = "$(inherited) @executable_path/Frameworks";
				PRODUCT_BUNDLE_IDENTIFIER = sadef.calculator;
				PRODUCT_NAME = "$(TARGET_NAME)";
				SWIFT_VERSION = 3.0;
			};
			name = Debug;
		};
		13AB948B1E756A2800CF55F7 /* Release */ = {
			isa = XCBuildConfiguration;
			buildSettings = {
				ASSETCATALOG_COMPILER_APPICON_NAME = AppIcon;
				INFOPLIST_FILE = calculator/Info.plist;
				LD_RUNPATH_SEARCH_PATHS = "$(inherited) @executable_path/Frameworks";
				PRODUCT_BUNDLE_IDENTIFIER = sadef.calculator;
				PRODUCT_NAME = "$(TARGET_NAME)";
				SWIFT_VERSION = 3.0;
			};
			name = Release;
		};
		13AB948D1E756A2800CF55F7 /* Debug */ = {
			isa = XCBuildConfiguration;
			buildSettings = {
				ALWAYS_EMBED_SWIFT_STANDARD_LIBRARIES = YES;
				BUNDLE_LOADER = "$(TEST_HOST)";
				INFOPLIST_FILE = calculatorTests/Info.plist;
				LD_RUNPATH_SEARCH_PATHS = "$(inherited) @executable_path/Frameworks @loader_path/Frameworks";
				PRODUCT_BUNDLE_IDENTIFIER = sadef.calculatorTests;
				PRODUCT_NAME = "$(TARGET_NAME)";
				SWIFT_VERSION = 3.0;
				TEST_HOST = "$(BUILT_PRODUCTS_DIR)/calculator.app/calculator";
			};
			name = Debug;
		};
		13AB948E1E756A2800CF55F7 /* Release */ = {
			isa = XCBuildConfiguration;
			buildSettings = {
				ALWAYS_EMBED_SWIFT_STANDARD_LIBRARIES = YES;
				BUNDLE_LOADER = "$(TEST_HOST)";
				INFOPLIST_FILE = calculatorTests/Info.plist;
				LD_RUNPATH_SEARCH_PATHS = "$(inherited) @executable_path/Frameworks @loader_path/Frameworks";
				PRODUCT_BUNDLE_IDENTIFIER = sadef.calculatorTests;
				PRODUCT_NAME = "$(TARGET_NAME)";
				SWIFT_VERSION = 3.0;
				TEST_HOST = "$(BUILT_PRODUCTS_DIR)/calculator.app/calculator";
			};
			name = Release;
		};
/* End XCBuildConfiguration section */

/* Begin XCConfigurationList section */
		13AB94671E756A2800CF55F7 /* Build configuration list for PBXProject "calculator" */ = {
			isa = XCConfigurationList;
			buildConfigurations = (
				13AB94871E756A2800CF55F7 /* Debug */,
				13AB94881E756A2800CF55F7 /* Release */,
			);
			defaultConfigurationIsVisible = 0;
			defaultConfigurationName = Release;
		};
		13AB94891E756A2800CF55F7 /* Build configuration list for PBXNativeTarget "calculator" */ = {
			isa = XCConfigurationList;
			buildConfigurations = (
				13AB948A1E756A2800CF55F7 /* Debug */,
				13AB948B1E756A2800CF55F7 /* Release */,
			);
			defaultConfigurationIsVisible = 0;
		};
		13AB948C1E756A2800CF55F7 /* Build configuration list for PBXNativeTarget "calculatorTests" */ = {
			isa = XCConfigurationList;
			buildConfigurations = (
				13AB948D1E756A2800CF55F7 /* Debug */,
				13AB948E1E756A2800CF55F7 /* Release */,
			);
			defaultConfigurationIsVisible = 0;
		};
/* End XCConfigurationList section */
	};
	rootObject = 13AB94641E756A2800CF55F7 /* Project object */;
}
